PODS:
  - boost-for-react-native (1.63.0)
  - BugsnagReactNative (2.15.0):
    - BugsnagReactNative/Core (= 2.15.0)
    - React
  - BugsnagReactNative/Core (2.15.0):
    - React
  - DoubleConversion (1.1.6)
  - Folly (2018.10.22.00):
    - boost-for-react-native
    - DoubleConversion
    - glog
  - glog (0.3.5)
  - LaunchScreenSnapshot (1.2.0)
  - React (0.59.3):
    - React/Core (= 0.59.3)
  - react-native-async-storage (1.2.2):
    - React
  - react-native-keep-awake (4.0.0):
    - React
  - react-native-netinfo (2.0.5):
    - React
  - React/Core (0.59.3):
    - yoga (= 0.59.3.React)
  - React/CxxBridge (0.59.3):
    - Folly (= 2018.10.22.00)
    - React/Core
    - React/cxxreact
    - React/jsiexecutor
  - React/cxxreact (0.59.3):
    - boost-for-react-native (= 1.63.0)
    - DoubleConversion
    - Folly (= 2018.10.22.00)
    - glog
    - React/jsinspector
  - React/DevSupport (0.59.3):
    - React/Core
    - React/RCTWebSocket
  - React/fishhook (0.59.3)
  - React/jsi (0.59.3):
    - DoubleConversion
    - Folly (= 2018.10.22.00)
    - glog
  - React/jsiexecutor (0.59.3):
    - DoubleConversion
    - Folly (= 2018.10.22.00)
    - glog
    - React/cxxreact
    - React/jsi
  - React/jsinspector (0.59.3)
  - React/RCTActionSheet (0.59.3):
    - React/Core
  - React/RCTAnimation (0.59.3):
    - React/Core
  - React/RCTBlob (0.59.3):
    - React/Core
  - React/RCTGeolocation (0.59.3):
    - React/Core
  - React/RCTImage (0.59.3):
    - React/Core
    - React/RCTNetwork
  - React/RCTLinkingIOS (0.59.3):
    - React/Core
  - React/RCTNetwork (0.59.3):
    - React/Core
  - React/RCTSettings (0.59.3):
    - React/Core
  - React/RCTText (0.59.3):
    - React/Core
  - React/RCTVibration (0.59.3):
    - React/Core
  - React/RCTWebSocket (0.59.3):
    - React/Core
    - React/fishhook
    - React/RCTBlob
  - RNDeviceInfo (1.0.0):
    - React
  - RNFS (2.13.3):
    - React
  - RNGestureHandler (1.1.0):
    - React
  - RNKeychain (3.1.1):
    - React
  - RNSVG (9.4.0):
    - React
  - RNVectorIcons (6.4.2):
    - React
  - TouchID (4.4.1):
    - React
  - yoga (0.59.3.React)

DEPENDENCIES:
  - BugsnagReactNative (from `../node_modules/bugsnag-react-native`)
  - DoubleConversion (from `../node_modules/react-native/third-party-podspecs/DoubleConversion.podspec`)
  - Folly (from `../node_modules/react-native/third-party-podspecs/Folly.podspec`)
  - glog (from `../node_modules/react-native/third-party-podspecs/glog.podspec`)
  - LaunchScreenSnapshot
  - "react-native-async-storage (from `../node_modules/@react-native-community/async-storage`)"
  - react-native-keep-awake (from `../node_modules/react-native-keep-awake`)
  - "react-native-netinfo (from `../node_modules/@react-native-community/netinfo`)"
  - React/Core (from `../node_modules/react-native`)
  - React/CxxBridge (from `../node_modules/react-native`)
  - React/DevSupport (from `../node_modules/react-native`)
  - React/fishhook (from `../node_modules/react-native`)
  - React/RCTActionSheet (from `../node_modules/react-native`)
  - React/RCTAnimation (from `../node_modules/react-native`)
  - React/RCTGeolocation (from `../node_modules/react-native`)
  - React/RCTImage (from `../node_modules/react-native`)
  - React/RCTLinkingIOS (from `../node_modules/react-native`)
  - React/RCTNetwork (from `../node_modules/react-native`)
  - React/RCTSettings (from `../node_modules/react-native`)
  - React/RCTText (from `../node_modules/react-native`)
  - React/RCTVibration (from `../node_modules/react-native`)
  - React/RCTWebSocket (from `../node_modules/react-native`)
  - RNDeviceInfo (from `../node_modules/react-native-device-info`)
  - RNFS (from `../node_modules/react-native-fs`)
  - RNGestureHandler (from `../node_modules/react-native-gesture-handler/RNGestureHandler.podspec`)
  - RNKeychain (from `../node_modules/react-native-keychain`)
  - RNSVG (from `../node_modules/react-native-svg`)
  - RNVectorIcons (from `../node_modules/react-native-vector-icons`)
  - TouchID (from `../node_modules/react-native-touch-id`)
  - yoga (from `../node_modules/react-native/ReactCommon/yoga`)

SPEC REPOS:
  https://github.com/cocoapods/specs.git:
    - boost-for-react-native
    - LaunchScreenSnapshot

EXTERNAL SOURCES:
  BugsnagReactNative:
    :path: "../node_modules/bugsnag-react-native"
  DoubleConversion:
    :podspec: "../node_modules/react-native/third-party-podspecs/DoubleConversion.podspec"
  Folly:
    :podspec: "../node_modules/react-native/third-party-podspecs/Folly.podspec"
  glog:
    :podspec: "../node_modules/react-native/third-party-podspecs/glog.podspec"
  React:
    :path: "../node_modules/react-native"
  react-native-async-storage:
    :path: "../node_modules/@react-native-community/async-storage"
  react-native-keep-awake:
    :path: "../node_modules/react-native-keep-awake"
  react-native-netinfo:
    :path: "../node_modules/@react-native-community/netinfo"
  RNDeviceInfo:
    :path: "../node_modules/react-native-device-info"
  RNFS:
    :path: "../node_modules/react-native-fs"
  RNGestureHandler:
    :podspec: "../node_modules/react-native-gesture-handler/RNGestureHandler.podspec"
  RNKeychain:
    :path: "../node_modules/react-native-keychain"
  RNSVG:
    :path: "../node_modules/react-native-svg"
  RNVectorIcons:
    :path: "../node_modules/react-native-vector-icons"
  TouchID:
    :path: "../node_modules/react-native-touch-id"
  yoga:
    :path: "../node_modules/react-native/ReactCommon/yoga"

SPEC CHECKSUMS:
  boost-for-react-native: 39c7adb57c4e60d6c5479dd8623128eb5b3f0f2c
  BugsnagReactNative: 0acbd9b570c54a41a836f145f788ff28e652c831
  DoubleConversion: bb338842f62ab1d708ceb63ec3d999f0f3d98ecd
  Folly: de497beb10f102453a1afa9edbf8cf8a251890de
  glog: aefd1eb5dda2ab95ba0938556f34b98e2da3a60d
  LaunchScreenSnapshot: cee0c0fec0d9b9186c76a1fd010c5c4677ccb6fc
  React: b52fdb80565505b7e4592b313a38868f5df51641
  react-native-async-storage: 9f540b8bb09f7e31e3fb951de2f8f8b6d0332280
  react-native-keep-awake: eba3137546b10003361b37c761f6c429b59814ae
  react-native-netinfo: 2cfb4a903d90f1beda31c2990a058c51130b53aa
  RNDeviceInfo: 3a4a9c6b1792d7a7d0d7b5428edb03107be90528
  RNFS: c9bbde46b0d59619f8e7b735991c60e0f73d22c1
  RNGestureHandler: b65d391f4f570178d657b99a16ec99d09b8656b0
  RNKeychain: 1a121521011702409f5a1009eb8a1effa81000f3
  RNSVG: 9cb6e958c4b6a1f58185ac72a350b148947d6fed
  RNVectorIcons: 6607bd3a30291d0edb56f9bbe7ae411ee2b928b0
  TouchID: ba4c656d849cceabc2e4eef722dea5e55959ecf4
  yoga: 1a492113f66a35e9e583bb0434f4b8cc668dd839

PODFILE CHECKSUM: 1233294d6306d9bda5b4e3c55f525af70af366b6

COCOAPODS: 1.6.1
