// !$*UTF8*$!
{
	archiveVersion = 1;
	classes = {
	};
	objectVersion = 51;
	objects = {

/* Begin PBXBuildFile section */
		0D30D8BF853A0944D2D3A41E /* Pods_Ironbelly.framework in Frameworks */ = {isa = PBXBuildFile; fileRef = E9A19393C5C8574880620905 /* Pods_Ironbelly.framework */; };
		1F81488E3DED4690B5AF60A5 /* Share.png in Resources */ = {isa = PBXBuildFile; fileRef = 998300B9168649DEA2FD5C5E /* Share.png */; };
		2B04C70620FB46FC851D4289 /* ChevronLeft@2x.png in Resources */ = {isa = PBXBuildFile; fileRef = 16D93EEF43BB4E93A68187BF /* ChevronLeft@2x.png */; };
		2EE92245D405410BB107EF0F /* Poppins-Light.ttf in Resources */ = {isa = PBXBuildFile; fileRef = 958B76E81DC04571A528434C /* Poppins-Light.ttf */; };
		3B65D265646D439BA0B3629C /* Poppins-LightItalic.ttf in Resources */ = {isa = PBXBuildFile; fileRef = A87A7BFB39A54F21ABE32CD2 /* Poppins-LightItalic.ttf */; };
		3D9CC4A9E3F345AE8452DBBE /* Poppins-Regular.ttf in Resources */ = {isa = PBXBuildFile; fileRef = F6A70C1BED9E40DD8926B8CC /* Poppins-Regular.ttf */; };
		3F2CC385CA6947C5A00E8EAC /* Poppins-Medium.ttf in Resources */ = {isa = PBXBuildFile; fileRef = 0A610543A85349EAB6BB4EEB /* Poppins-Medium.ttf */; };
		4683EBA23F9546F8A6088B91 /* Poppins-SemiBoldItalic.ttf in Resources */ = {isa = PBXBuildFile; fileRef = 8CDCAEC7B061496ABE76260C /* Poppins-SemiBoldItalic.ttf */; };
		53EE4A959E2F42678CF8078E /* Close.png in Resources */ = {isa = PBXBuildFile; fileRef = B97B4FF20BD3443A8E5A9B82 /* Close.png */; };
		59A89B02B2304A12B9FF74A0 /* Poppins-ThinItalic.ttf in Resources */ = {isa = PBXBuildFile; fileRef = F13FA3B3119245B88443336F /* Poppins-ThinItalic.ttf */; };
		629491642B564C9E864EAF40 /* Poppins-Thin.ttf in Resources */ = {isa = PBXBuildFile; fileRef = F26B17F2881A43CF92534013 /* Poppins-Thin.ttf */; };
		67FBEC75BB54482CA15B1D32 /* ChevronRight@3x.png in Resources */ = {isa = PBXBuildFile; fileRef = DB95805A93E74B42BC6861B6 /* ChevronRight@3x.png */; };
		6B39A1EE702541C792AABFCD /* Poppins-ExtraBoldItalic.ttf in Resources */ = {isa = PBXBuildFile; fileRef = 87E982946F974A098197A3C9 /* Poppins-ExtraBoldItalic.ttf */; };
		6E4A767318F143E4A1B520A8 /* ChevronLeft@3x.png in Resources */ = {isa = PBXBuildFile; fileRef = 65889B7F669E44F197877486 /* ChevronLeft@3x.png */; };
		6EB4D33273124215B9435D56 /* Poppins-ExtraBold.ttf in Resources */ = {isa = PBXBuildFile; fileRef = F6FA2EC2AB4B4824AF99E13B /* Poppins-ExtraBold.ttf */; };
		711C1EA9968047B287305679 /* ChevronLeft.png in Resources */ = {isa = PBXBuildFile; fileRef = DE278FF83B76486C92F05BB4 /* ChevronLeft.png */; };
		7CE949452A7644308ACF5C89 /* x@2x.png in Resources */ = {isa = PBXBuildFile; fileRef = 84EB5C67E41C492EB06C5DB2 /* x@2x.png */; };
		7ED43DD375854138B2208C5C /* ChevronRight.png in Resources */ = {isa = PBXBuildFile; fileRef = 1AC12860C4E7462AB6A9A439 /* ChevronRight.png */; };
		8A05B33A622348C1A7EBBBED /* x.png in Resources */ = {isa = PBXBuildFile; fileRef = 11C52591DBA24BD485CB0E6E /* x.png */; };
		A01CD803F51F4CE0BFE222D4 /* Poppins-Italic.ttf in Resources */ = {isa = PBXBuildFile; fileRef = F669249426C949548172D721 /* Poppins-Italic.ttf */; };
		AE9C71C754744856A2C998BE /* Poppins-ExtraLightItalic.ttf in Resources */ = {isa = PBXBuildFile; fileRef = AD628337A1A740D981680EB9 /* Poppins-ExtraLightItalic.ttf */; };
		B061F339986847BE91EFD112 /* Close@3x.png in Resources */ = {isa = PBXBuildFile; fileRef = 21484D9BE7F14E6280C4EBFB /* Close@3x.png */; };
		B7AAF7350C2F4DC4A7A7C6D8 /* Poppins-ExtraLight.ttf in Resources */ = {isa = PBXBuildFile; fileRef = F3E7E5C85E95450AAC91B594 /* Poppins-ExtraLight.ttf */; };
		BB78D5D4CE1F4D8891578D1A /* Poppins-SemiBold.ttf in Resources */ = {isa = PBXBuildFile; fileRef = 3FAF3814E6F9481FAEB0A885 /* Poppins-SemiBold.ttf */; };
		C41C0D8B147746A6BA0AA3D3 /* Share@2x.png in Resources */ = {isa = PBXBuildFile; fileRef = F9E3B3C7257947359B7DDDE9 /* Share@2x.png */; };
		C6DC0496AC154B7CB9441330 /* Share@3x.png in Resources */ = {isa = PBXBuildFile; fileRef = 9D959331D4664C90ACA1A3A8 /* Share@3x.png */; };
		CE5F56BE44E94BA78933ADA8 /* Close@2x.png in Resources */ = {isa = PBXBuildFile; fileRef = C342A60D16E24E1882B784C1 /* Close@2x.png */; };
		DCADF58ADB344767BB4E3D41 /* Poppins-MediumItalic.ttf in Resources */ = {isa = PBXBuildFile; fileRef = 7CB5F00953884F798F14D638 /* Poppins-MediumItalic.ttf */; };
		EF5651BE92804582A8BA3D00 /* x@3x.png in Resources */ = {isa = PBXBuildFile; fileRef = AEB4E1B47E9D4CB1B965F729 /* x@3x.png */; };
		F601C28B25559D99003866E2 /* OnionSettings.swift in Sources */ = {isa = PBXBuildFile; fileRef = F601C28A25559D99003866E2 /* OnionSettings.swift */; };
		F601C28F25559F58003866E2 /* NetworkTools.m in Sources */ = {isa = PBXBuildFile; fileRef = F601C28E25559F58003866E2 /* NetworkTools.m */; };
		F601C2D72555B159003866E2 /* OnionConnector.swift in Sources */ = {isa = PBXBuildFile; fileRef = F601C2D62555B159003866E2 /* OnionConnector.swift */; };
		F601C2DB2555B253003866E2 /* Ipv6Tester.swift in Sources */ = {isa = PBXBuildFile; fileRef = F601C2DA2555B253003866E2 /* Ipv6Tester.swift */; };
		F601C3972555B9FB003866E2 /* TorBridge.swift in Sources */ = {isa = PBXBuildFile; fileRef = F601C3962555B9FB003866E2 /* TorBridge.swift */; };
		F601C39A2555BA31003866E2 /* Utils.swift in Sources */ = {isa = PBXBuildFile; fileRef = F601C3992555BA31003866E2 /* Utils.swift */; };
		F601C39D2555BA76003866E2 /* TorBridge.m in Sources */ = {isa = PBXBuildFile; fileRef = F601C39C2555BA76003866E2 /* TorBridge.m */; };
		F64186DD218895DC00A99CA0 /* AppDelegate.swift in Sources */ = {isa = PBXBuildFile; fileRef = F64186DC218895DC00A99CA0 /* AppDelegate.swift */; };
		F64186E4218895DE00A99CA0 /* Assets.xcassets in Resources */ = {isa = PBXBuildFile; fileRef = F64186E3218895DE00A99CA0 /* Assets.xcassets */; };
		F64186E7218895DE00A99CA0 /* LaunchScreen.storyboard in Resources */ = {isa = PBXBuildFile; fileRef = F64186E5218895DE00A99CA0 /* LaunchScreen.storyboard */; };
		F64187002188968D00A99CA0 /* libresolv.tbd in Frameworks */ = {isa = PBXBuildFile; fileRef = F64186FF2188968D00A99CA0 /* libresolv.tbd */; };
		F65FE3612410B98400E3C118 /* Ionicons.ttf in Resources */ = {isa = PBXBuildFile; fileRef = F65FE35D2410B98400E3C118 /* Ionicons.ttf */; };
		F65FE3622410B98400E3C118 /* FontAwesome.ttf in Resources */ = {isa = PBXBuildFile; fileRef = F65FE35E2410B98400E3C118 /* FontAwesome.ttf */; };
		F65FE3632410B98400E3C118 /* MaterialCommunityIcons.ttf in Resources */ = {isa = PBXBuildFile; fileRef = F65FE35F2410B98400E3C118 /* MaterialCommunityIcons.ttf */; };
		F65FE3642410B98400E3C118 /* Feather.ttf in Resources */ = {isa = PBXBuildFile; fileRef = F65FE3602410B98400E3C118 /* Feather.ttf */; };
		F67AD98C23C15A6100FC4CEA /* libwallet.a in Frameworks */ = {isa = PBXBuildFile; fileRef = F67AD98B23C15A5100FC4CEA /* libwallet.a */; };
		F6B88C4D252A4C92007FF36C /* FontAwesome5_Regular.ttf in Resources */ = {isa = PBXBuildFile; fileRef = F6B88C4B252A4C92007FF36C /* FontAwesome5_Regular.ttf */; };
		F6B88C50252A4CFA007FF36C /* FontAwesome5_Solid.ttf in Resources */ = {isa = PBXBuildFile; fileRef = F6B88C4F252A4CFA007FF36C /* FontAwesome5_Solid.ttf */; };
		F6E9509221C50DE90066C203 /* GrinBridge.m in Sources */ = {isa = PBXBuildFile; fileRef = F6E9509121C50DE90066C203 /* GrinBridge.m */; };
		F6E9509421C50E560066C203 /* GrinBridge.swift in Sources */ = {isa = PBXBuildFile; fileRef = F6E9509321C50E560066C203 /* GrinBridge.swift */; };
		F6F4CE7F2555946B00953576 /* OnionManager.swift in Sources */ = {isa = PBXBuildFile; fileRef = F6F4CE7E2555946B00953576 /* OnionManager.swift */; };
		F6F4CE85255595ED00953576 /* Tor.framework in Frameworks */ = {isa = PBXBuildFile; fileRef = F6F4CE84255595ED00953576 /* Tor.framework */; };
		FA515AC6575446A3BBC440B4 /* ChevronRight@2x.png in Resources */ = {isa = PBXBuildFile; fileRef = FC2A4438203E4716AC9C05D9 /* ChevronRight@2x.png */; };
/* End PBXBuildFile section */

/* Begin PBXCopyFilesBuildPhase section */
		F67B83C8219345180004D4A1 /* Embed App Extensions */ = {
			isa = PBXCopyFilesBuildPhase;
			buildActionMask = 2147483647;
			dstPath = "";
			dstSubfolderSpec = 13;
			files = (
			);
			name = "Embed App Extensions";
			runOnlyForDeploymentPostprocessing = 0;
		};
/* End PBXCopyFilesBuildPhase section */

/* Begin PBXFileReference section */
		0A610543A85349EAB6BB4EEB /* Poppins-Medium.ttf */ = {isa = PBXFileReference; explicitFileType = undefined; fileEncoding = 9; includeInIndex = 0; lastKnownFileType = unknown; name = "Poppins-Medium.ttf"; path = "../src/assets/fonts/Poppins-Medium.ttf"; sourceTree = "<group>"; };
		11C52591DBA24BD485CB0E6E /* x.png */ = {isa = PBXFileReference; explicitFileType = undefined; fileEncoding = 9; includeInIndex = 0; lastKnownFileType = unknown; name = x.png; path = ../src/assets/images/x.png; sourceTree = "<group>"; };
		16D93EEF43BB4E93A68187BF /* ChevronLeft@2x.png */ = {isa = PBXFileReference; explicitFileType = undefined; fileEncoding = 9; includeInIndex = 0; lastKnownFileType = unknown; name = "ChevronLeft@2x.png"; path = "../src/assets/images/ChevronLeft@2x.png"; sourceTree = "<group>"; };
		1AC12860C4E7462AB6A9A439 /* ChevronRight.png */ = {isa = PBXFileReference; explicitFileType = undefined; fileEncoding = 9; includeInIndex = 0; lastKnownFileType = unknown; name = ChevronRight.png; path = ../src/assets/images/ChevronRight.png; sourceTree = "<group>"; };
		21484D9BE7F14E6280C4EBFB /* Close@3x.png */ = {isa = PBXFileReference; explicitFileType = undefined; fileEncoding = 9; includeInIndex = 0; lastKnownFileType = unknown; name = "Close@3x.png"; path = "../src/assets/images/Close@3x.png"; sourceTree = "<group>"; };
		3FAF3814E6F9481FAEB0A885 /* Poppins-SemiBold.ttf */ = {isa = PBXFileReference; explicitFileType = undefined; fileEncoding = 9; includeInIndex = 0; lastKnownFileType = unknown; name = "Poppins-SemiBold.ttf"; path = "../src/assets/fonts/Poppins-SemiBold.ttf"; sourceTree = "<group>"; };
		65889B7F669E44F197877486 /* ChevronLeft@3x.png */ = {isa = PBXFileReference; explicitFileType = undefined; fileEncoding = 9; includeInIndex = 0; lastKnownFileType = unknown; name = "ChevronLeft@3x.png"; path = "../src/assets/images/ChevronLeft@3x.png"; sourceTree = "<group>"; };
		7CB5F00953884F798F14D638 /* Poppins-MediumItalic.ttf */ = {isa = PBXFileReference; explicitFileType = undefined; fileEncoding = 9; includeInIndex = 0; lastKnownFileType = unknown; name = "Poppins-MediumItalic.ttf"; path = "../src/assets/fonts/Poppins-MediumItalic.ttf"; sourceTree = "<group>"; };
		84EB5C67E41C492EB06C5DB2 /* x@2x.png */ = {isa = PBXFileReference; explicitFileType = undefined; fileEncoding = 9; includeInIndex = 0; lastKnownFileType = unknown; name = "x@2x.png"; path = "../src/assets/images/x@2x.png"; sourceTree = "<group>"; };
		87E982946F974A098197A3C9 /* Poppins-ExtraBoldItalic.ttf */ = {isa = PBXFileReference; explicitFileType = undefined; fileEncoding = 9; includeInIndex = 0; lastKnownFileType = unknown; name = "Poppins-ExtraBoldItalic.ttf"; path = "../src/assets/fonts/Poppins-ExtraBoldItalic.ttf"; sourceTree = "<group>"; };
		8CDCAEC7B061496ABE76260C /* Poppins-SemiBoldItalic.ttf */ = {isa = PBXFileReference; explicitFileType = undefined; fileEncoding = 9; includeInIndex = 0; lastKnownFileType = unknown; name = "Poppins-SemiBoldItalic.ttf"; path = "../src/assets/fonts/Poppins-SemiBoldItalic.ttf"; sourceTree = "<group>"; };
		958B76E81DC04571A528434C /* Poppins-Light.ttf */ = {isa = PBXFileReference; explicitFileType = undefined; fileEncoding = 9; includeInIndex = 0; lastKnownFileType = unknown; name = "Poppins-Light.ttf"; path = "../src/assets/fonts/Poppins-Light.ttf"; sourceTree = "<group>"; };
		998300B9168649DEA2FD5C5E /* Share.png */ = {isa = PBXFileReference; explicitFileType = undefined; fileEncoding = 9; includeInIndex = 0; lastKnownFileType = unknown; name = Share.png; path = ../src/assets/images/Share.png; sourceTree = "<group>"; };
		9BFD0890890CA8B9A5CA5455 /* Pods-Ironbelly.debug.xcconfig */ = {isa = PBXFileReference; includeInIndex = 1; lastKnownFileType = text.xcconfig; name = "Pods-Ironbelly.debug.xcconfig"; path = "Target Support Files/Pods-Ironbelly/Pods-Ironbelly.debug.xcconfig"; sourceTree = "<group>"; };
		9D959331D4664C90ACA1A3A8 /* Share@3x.png */ = {isa = PBXFileReference; explicitFileType = undefined; fileEncoding = 9; includeInIndex = 0; lastKnownFileType = unknown; name = "Share@3x.png"; path = "../src/assets/images/Share@3x.png"; sourceTree = "<group>"; };
		A87A7BFB39A54F21ABE32CD2 /* Poppins-LightItalic.ttf */ = {isa = PBXFileReference; explicitFileType = undefined; fileEncoding = 9; includeInIndex = 0; lastKnownFileType = unknown; name = "Poppins-LightItalic.ttf"; path = "../src/assets/fonts/Poppins-LightItalic.ttf"; sourceTree = "<group>"; };
		AD628337A1A740D981680EB9 /* Poppins-ExtraLightItalic.ttf */ = {isa = PBXFileReference; explicitFileType = undefined; fileEncoding = 9; includeInIndex = 0; lastKnownFileType = unknown; name = "Poppins-ExtraLightItalic.ttf"; path = "../src/assets/fonts/Poppins-ExtraLightItalic.ttf"; sourceTree = "<group>"; };
		AEB4E1B47E9D4CB1B965F729 /* x@3x.png */ = {isa = PBXFileReference; explicitFileType = undefined; fileEncoding = 9; includeInIndex = 0; lastKnownFileType = unknown; name = "x@3x.png"; path = "../src/assets/images/x@3x.png"; sourceTree = "<group>"; };
		B97B4FF20BD3443A8E5A9B82 /* Close.png */ = {isa = PBXFileReference; explicitFileType = undefined; fileEncoding = 9; includeInIndex = 0; lastKnownFileType = unknown; name = Close.png; path = ../src/assets/images/Close.png; sourceTree = "<group>"; };
		C342A60D16E24E1882B784C1 /* Close@2x.png */ = {isa = PBXFileReference; explicitFileType = undefined; fileEncoding = 9; includeInIndex = 0; lastKnownFileType = unknown; name = "Close@2x.png"; path = "../src/assets/images/Close@2x.png"; sourceTree = "<group>"; };
		CDE3813CDAEB5E1EE1B5DFE8 /* Pods-Ironbelly.release.xcconfig */ = {isa = PBXFileReference; includeInIndex = 1; lastKnownFileType = text.xcconfig; name = "Pods-Ironbelly.release.xcconfig"; path = "Target Support Files/Pods-Ironbelly/Pods-Ironbelly.release.xcconfig"; sourceTree = "<group>"; };
		DB95805A93E74B42BC6861B6 /* ChevronRight@3x.png */ = {isa = PBXFileReference; explicitFileType = undefined; fileEncoding = 9; includeInIndex = 0; lastKnownFileType = unknown; name = "ChevronRight@3x.png"; path = "../src/assets/images/ChevronRight@3x.png"; sourceTree = "<group>"; };
		DE278FF83B76486C92F05BB4 /* ChevronLeft.png */ = {isa = PBXFileReference; explicitFileType = undefined; fileEncoding = 9; includeInIndex = 0; lastKnownFileType = unknown; name = ChevronLeft.png; path = ../src/assets/images/ChevronLeft.png; sourceTree = "<group>"; };
		E9A19393C5C8574880620905 /* Pods_Ironbelly.framework */ = {isa = PBXFileReference; explicitFileType = wrapper.framework; includeInIndex = 0; path = Pods_Ironbelly.framework; sourceTree = BUILT_PRODUCTS_DIR; };
		F13FA3B3119245B88443336F /* Poppins-ThinItalic.ttf */ = {isa = PBXFileReference; explicitFileType = undefined; fileEncoding = 9; includeInIndex = 0; lastKnownFileType = unknown; name = "Poppins-ThinItalic.ttf"; path = "../src/assets/fonts/Poppins-ThinItalic.ttf"; sourceTree = "<group>"; };
		F26B17F2881A43CF92534013 /* Poppins-Thin.ttf */ = {isa = PBXFileReference; explicitFileType = undefined; fileEncoding = 9; includeInIndex = 0; lastKnownFileType = unknown; name = "Poppins-Thin.ttf"; path = "../src/assets/fonts/Poppins-Thin.ttf"; sourceTree = "<group>"; };
		F3E7E5C85E95450AAC91B594 /* Poppins-ExtraLight.ttf */ = {isa = PBXFileReference; explicitFileType = undefined; fileEncoding = 9; includeInIndex = 0; lastKnownFileType = unknown; name = "Poppins-ExtraLight.ttf"; path = "../src/assets/fonts/Poppins-ExtraLight.ttf"; sourceTree = "<group>"; };
		F601C28A25559D99003866E2 /* OnionSettings.swift */ = {isa = PBXFileReference; lastKnownFileType = sourcecode.swift; path = OnionSettings.swift; sourceTree = "<group>"; };
		F601C28D25559F58003866E2 /* NetworkTools.h */ = {isa = PBXFileReference; fileEncoding = 4; lastKnownFileType = sourcecode.c.h; path = NetworkTools.h; sourceTree = "<group>"; };
		F601C28E25559F58003866E2 /* NetworkTools.m */ = {isa = PBXFileReference; fileEncoding = 4; lastKnownFileType = sourcecode.c.objc; path = NetworkTools.m; sourceTree = "<group>"; };
		F601C2D62555B159003866E2 /* OnionConnector.swift */ = {isa = PBXFileReference; fileEncoding = 4; lastKnownFileType = sourcecode.swift; name = OnionConnector.swift; path = Ironbelly/Tor/OnionConnector.swift; sourceTree = SOURCE_ROOT; };
		F601C2DA2555B253003866E2 /* Ipv6Tester.swift */ = {isa = PBXFileReference; fileEncoding = 4; lastKnownFileType = sourcecode.swift; path = Ipv6Tester.swift; sourceTree = "<group>"; };
		F601C3962555B9FB003866E2 /* TorBridge.swift */ = {isa = PBXFileReference; lastKnownFileType = sourcecode.swift; path = TorBridge.swift; sourceTree = "<group>"; };
		F601C3992555BA31003866E2 /* Utils.swift */ = {isa = PBXFileReference; lastKnownFileType = sourcecode.swift; path = Utils.swift; sourceTree = "<group>"; };
		F601C39C2555BA76003866E2 /* TorBridge.m */ = {isa = PBXFileReference; lastKnownFileType = sourcecode.c.objc; path = TorBridge.m; sourceTree = "<group>"; };
		F64186D9218895DC00A99CA0 /* Ironbelly.app */ = {isa = PBXFileReference; explicitFileType = wrapper.application; includeInIndex = 0; path = Ironbelly.app; sourceTree = BUILT_PRODUCTS_DIR; };
		F64186DC218895DC00A99CA0 /* AppDelegate.swift */ = {isa = PBXFileReference; lastKnownFileType = sourcecode.swift; path = AppDelegate.swift; sourceTree = "<group>"; };
		F64186E3218895DE00A99CA0 /* Assets.xcassets */ = {isa = PBXFileReference; lastKnownFileType = folder.assetcatalog; path = Assets.xcassets; sourceTree = "<group>"; };
		F64186E6218895DE00A99CA0 /* Base */ = {isa = PBXFileReference; lastKnownFileType = file.storyboard; name = Base; path = Base.lproj/LaunchScreen.storyboard; sourceTree = "<group>"; };
		F64186E8218895DE00A99CA0 /* Info.plist */ = {isa = PBXFileReference; lastKnownFileType = text.plist.xml; path = Info.plist; sourceTree = "<group>"; };
		F64186FF2188968D00A99CA0 /* libresolv.tbd */ = {isa = PBXFileReference; lastKnownFileType = "sourcecode.text-based-dylib-definition"; name = libresolv.tbd; path = usr/lib/libresolv.tbd; sourceTree = SDKROOT; };
		F65FE35D2410B98400E3C118 /* Ionicons.ttf */ = {isa = PBXFileReference; lastKnownFileType = file; name = Ionicons.ttf; path = "../../../node_modules/react-native-vector-icons/Fonts/Ionicons.ttf"; sourceTree = "<group>"; };
		F65FE35E2410B98400E3C118 /* FontAwesome.ttf */ = {isa = PBXFileReference; lastKnownFileType = file; name = FontAwesome.ttf; path = "../../../node_modules/react-native-vector-icons/Fonts/FontAwesome.ttf"; sourceTree = "<group>"; };
		F65FE35F2410B98400E3C118 /* MaterialCommunityIcons.ttf */ = {isa = PBXFileReference; lastKnownFileType = file; name = MaterialCommunityIcons.ttf; path = "../../../node_modules/react-native-vector-icons/Fonts/MaterialCommunityIcons.ttf"; sourceTree = "<group>"; };
		F65FE3602410B98400E3C118 /* Feather.ttf */ = {isa = PBXFileReference; lastKnownFileType = file; name = Feather.ttf; path = "../../../node_modules/react-native-vector-icons/Fonts/Feather.ttf"; sourceTree = "<group>"; };
		F669249426C949548172D721 /* Poppins-Italic.ttf */ = {isa = PBXFileReference; explicitFileType = undefined; fileEncoding = 9; includeInIndex = 0; lastKnownFileType = unknown; name = "Poppins-Italic.ttf"; path = "../src/assets/fonts/Poppins-Italic.ttf"; sourceTree = "<group>"; };
		F67AD98B23C15A5100FC4CEA /* libwallet.a */ = {isa = PBXFileReference; lastKnownFileType = archive.ar; name = libwallet.a; path = ../rust/libwallet.a; sourceTree = "<group>"; };
		F6A70C1BED9E40DD8926B8CC /* Poppins-Regular.ttf */ = {isa = PBXFileReference; explicitFileType = undefined; fileEncoding = 9; includeInIndex = 0; lastKnownFileType = unknown; name = "Poppins-Regular.ttf"; path = "../src/assets/fonts/Poppins-Regular.ttf"; sourceTree = "<group>"; };
		F6B88C4B252A4C92007FF36C /* FontAwesome5_Regular.ttf */ = {isa = PBXFileReference; lastKnownFileType = file; name = FontAwesome5_Regular.ttf; path = "../../../node_modules/react-native-vector-icons/Fonts/FontAwesome5_Regular.ttf"; sourceTree = "<group>"; };
		F6B88C4F252A4CFA007FF36C /* FontAwesome5_Solid.ttf */ = {isa = PBXFileReference; lastKnownFileType = file; name = FontAwesome5_Solid.ttf; path = "../../../node_modules/react-native-vector-icons/Fonts/FontAwesome5_Solid.ttf"; sourceTree = "<group>"; };
		F6D028432190C97300E0DE88 /* Wallet-Bridging-Header.h */ = {isa = PBXFileReference; lastKnownFileType = sourcecode.c.h; name = "Wallet-Bridging-Header.h"; path = "Ironbelly/Wallet-Bridging-Header.h"; sourceTree = SOURCE_ROOT; };
		F6DDC63F2197893300B51AAE /* bindings.h */ = {isa = PBXFileReference; fileEncoding = 4; lastKnownFileType = sourcecode.c.h; name = bindings.h; path = ../../rust/bindings.h; sourceTree = "<group>"; };
		F6E9509121C50DE90066C203 /* GrinBridge.m */ = {isa = PBXFileReference; lastKnownFileType = sourcecode.c.objc; path = GrinBridge.m; sourceTree = "<group>"; };
		F6E9509321C50E560066C203 /* GrinBridge.swift */ = {isa = PBXFileReference; lastKnownFileType = sourcecode.swift; path = GrinBridge.swift; sourceTree = "<group>"; };
		F6F4CE7E2555946B00953576 /* OnionManager.swift */ = {isa = PBXFileReference; lastKnownFileType = sourcecode.swift; path = OnionManager.swift; sourceTree = "<group>"; };
		F6F4CE822555956800953576 /* Tor.framework.dSYM */ = {isa = PBXFileReference; lastKnownFileType = wrapper.dsym; name = Tor.framework.dSYM; path = Carthage/Build/iOS/Tor.framework.dSYM; sourceTree = "<group>"; };
		F6F4CE84255595ED00953576 /* Tor.framework */ = {isa = PBXFileReference; lastKnownFileType = wrapper.framework; name = Tor.framework; path = Carthage/Build/iOS/Tor.framework; sourceTree = "<group>"; };
		F6FA2EC2AB4B4824AF99E13B /* Poppins-ExtraBold.ttf */ = {isa = PBXFileReference; explicitFileType = undefined; fileEncoding = 9; includeInIndex = 0; lastKnownFileType = unknown; name = "Poppins-ExtraBold.ttf"; path = "../src/assets/fonts/Poppins-ExtraBold.ttf"; sourceTree = "<group>"; };
		F9E3B3C7257947359B7DDDE9 /* Share@2x.png */ = {isa = PBXFileReference; explicitFileType = undefined; fileEncoding = 9; includeInIndex = 0; lastKnownFileType = unknown; name = "Share@2x.png"; path = "../src/assets/images/Share@2x.png"; sourceTree = "<group>"; };
		FC2A4438203E4716AC9C05D9 /* ChevronRight@2x.png */ = {isa = PBXFileReference; explicitFileType = undefined; fileEncoding = 9; includeInIndex = 0; lastKnownFileType = unknown; name = "ChevronRight@2x.png"; path = "../src/assets/images/ChevronRight@2x.png"; sourceTree = "<group>"; };
/* End PBXFileReference section */

/* Begin PBXFrameworksBuildPhase section */
		F64186D6218895DC00A99CA0 /* Frameworks */ = {
			isa = PBXFrameworksBuildPhase;
			buildActionMask = 2147483647;
			files = (
				F67AD98C23C15A6100FC4CEA /* libwallet.a in Frameworks */,
				F64187002188968D00A99CA0 /* libresolv.tbd in Frameworks */,
				F6F4CE85255595ED00953576 /* Tor.framework in Frameworks */,
				0D30D8BF853A0944D2D3A41E /* Pods_Ironbelly.framework in Frameworks */,
			);
			runOnlyForDeploymentPostprocessing = 0;
		};
/* End PBXFrameworksBuildPhase section */

/* Begin PBXGroup section */
		2662B2B8162371B8F21281EC /* Pods */ = {
			isa = PBXGroup;
			children = (
				9BFD0890890CA8B9A5CA5455 /* Pods-Ironbelly.debug.xcconfig */,
				CDE3813CDAEB5E1EE1B5DFE8 /* Pods-Ironbelly.release.xcconfig */,
			);
			path = Pods;
			sourceTree = "<group>";
		};
		E3DD2FF56799419782C99E1C /* Resources */ = {
			isa = PBXGroup;
			children = (
				F6FA2EC2AB4B4824AF99E13B /* Poppins-ExtraBold.ttf */,
				87E982946F974A098197A3C9 /* Poppins-ExtraBoldItalic.ttf */,
				F3E7E5C85E95450AAC91B594 /* Poppins-ExtraLight.ttf */,
				AD628337A1A740D981680EB9 /* Poppins-ExtraLightItalic.ttf */,
				F669249426C949548172D721 /* Poppins-Italic.ttf */,
				958B76E81DC04571A528434C /* Poppins-Light.ttf */,
				A87A7BFB39A54F21ABE32CD2 /* Poppins-LightItalic.ttf */,
				0A610543A85349EAB6BB4EEB /* Poppins-Medium.ttf */,
				7CB5F00953884F798F14D638 /* Poppins-MediumItalic.ttf */,
				F6A70C1BED9E40DD8926B8CC /* Poppins-Regular.ttf */,
				3FAF3814E6F9481FAEB0A885 /* Poppins-SemiBold.ttf */,
				8CDCAEC7B061496ABE76260C /* Poppins-SemiBoldItalic.ttf */,
				F26B17F2881A43CF92534013 /* Poppins-Thin.ttf */,
				F13FA3B3119245B88443336F /* Poppins-ThinItalic.ttf */,
				DE278FF83B76486C92F05BB4 /* ChevronLeft.png */,
				16D93EEF43BB4E93A68187BF /* ChevronLeft@2x.png */,
				65889B7F669E44F197877486 /* ChevronLeft@3x.png */,
				998300B9168649DEA2FD5C5E /* Share.png */,
				F9E3B3C7257947359B7DDDE9 /* Share@2x.png */,
				9D959331D4664C90ACA1A3A8 /* Share@3x.png */,
				11C52591DBA24BD485CB0E6E /* x.png */,
				84EB5C67E41C492EB06C5DB2 /* x@2x.png */,
				AEB4E1B47E9D4CB1B965F729 /* x@3x.png */,
				1AC12860C4E7462AB6A9A439 /* ChevronRight.png */,
				FC2A4438203E4716AC9C05D9 /* ChevronRight@2x.png */,
				DB95805A93E74B42BC6861B6 /* ChevronRight@3x.png */,
				B97B4FF20BD3443A8E5A9B82 /* Close.png */,
				C342A60D16E24E1882B784C1 /* Close@2x.png */,
				21484D9BE7F14E6280C4EBFB /* Close@3x.png */,
			);
			name = Resources;
			sourceTree = "<group>";
		};
		F64186D0218895DC00A99CA0 = {
			isa = PBXGroup;
			children = (
				F64186DB218895DC00A99CA0 /* Ironbelly */,
				F64186DA218895DC00A99CA0 /* Products */,
				F64186FC2188967A00A99CA0 /* Frameworks */,
				E3DD2FF56799419782C99E1C /* Resources */,
				2662B2B8162371B8F21281EC /* Pods */,
			);
			sourceTree = "<group>";
		};
		F64186DA218895DC00A99CA0 /* Products */ = {
			isa = PBXGroup;
			children = (
				F64186D9218895DC00A99CA0 /* Ironbelly.app */,
			);
			name = Products;
			sourceTree = "<group>";
		};
		F64186DB218895DC00A99CA0 /* Ironbelly */ = {
			isa = PBXGroup;
			children = (
				F6F4CE7D2555944F00953576 /* Tor */,
				F65FE35C2410B8E000E3C118 /* Fonts */,
				F6D028432190C97300E0DE88 /* Wallet-Bridging-Header.h */,
				F64186DC218895DC00A99CA0 /* AppDelegate.swift */,
				F6DDC63F2197893300B51AAE /* bindings.h */,
				F64186E3218895DE00A99CA0 /* Assets.xcassets */,
				F64186E5218895DE00A99CA0 /* LaunchScreen.storyboard */,
				F64186E8218895DE00A99CA0 /* Info.plist */,
				F6E9509121C50DE90066C203 /* GrinBridge.m */,
				F6E9509321C50E560066C203 /* GrinBridge.swift */,
				F601C3962555B9FB003866E2 /* TorBridge.swift */,
				F601C39C2555BA76003866E2 /* TorBridge.m */,
				F601C3992555BA31003866E2 /* Utils.swift */,
			);
			path = Ironbelly;
			sourceTree = "<group>";
		};
		F64186FC2188967A00A99CA0 /* Frameworks */ = {
			isa = PBXGroup;
			children = (
				F6F4CE84255595ED00953576 /* Tor.framework */,
				F6F4CE822555956800953576 /* Tor.framework.dSYM */,
				F67AD98B23C15A5100FC4CEA /* libwallet.a */,
				F64186FF2188968D00A99CA0 /* libresolv.tbd */,
				E9A19393C5C8574880620905 /* Pods_Ironbelly.framework */,
			);
			name = Frameworks;
			sourceTree = "<group>";
		};
		F65FE35C2410B8E000E3C118 /* Fonts */ = {
			isa = PBXGroup;
			children = (
				F6B88C4B252A4C92007FF36C /* FontAwesome5_Regular.ttf */,
				F6B88C4F252A4CFA007FF36C /* FontAwesome5_Solid.ttf */,
				F65FE3602410B98400E3C118 /* Feather.ttf */,
				F65FE35E2410B98400E3C118 /* FontAwesome.ttf */,
				F65FE35D2410B98400E3C118 /* Ionicons.ttf */,
				F65FE35F2410B98400E3C118 /* MaterialCommunityIcons.ttf */,
			);
			path = Fonts;
			sourceTree = "<group>";
		};
		F6F4CE7D2555944F00953576 /* Tor */ = {
			isa = PBXGroup;
			children = (
				F6F4CF4025559A4700953576 /* Helpers */,
				F601C2D62555B159003866E2 /* OnionConnector.swift */,
				F6F4CE7E2555946B00953576 /* OnionManager.swift */,
				F601C28A25559D99003866E2 /* OnionSettings.swift */,
			);
			path = Tor;
			sourceTree = "<group>";
		};
		F6F4CF4025559A4700953576 /* Helpers */ = {
			isa = PBXGroup;
			children = (
				F601C2DA2555B253003866E2 /* Ipv6Tester.swift */,
				F601C28D25559F58003866E2 /* NetworkTools.h */,
				F601C28E25559F58003866E2 /* NetworkTools.m */,
			);
			path = Helpers;
			sourceTree = "<group>";
		};
/* End PBXGroup section */

/* Begin PBXNativeTarget section */
		F64186D8218895DC00A99CA0 /* Ironbelly */ = {
			isa = PBXNativeTarget;
			buildConfigurationList = F64186F6218895DE00A99CA0 /* Build configuration list for PBXNativeTarget "Ironbelly" */;
			buildPhases = (
				3BD691FCC00C182A52C63132 /* [CP] Check Pods Manifest.lock */,
				F64186D5218895DC00A99CA0 /* Sources */,
				F64186D6218895DC00A99CA0 /* Frameworks */,
				F6B6B11F21E3D59A00B6AC5B /* Bundle React Native */,
				F64186D7218895DC00A99CA0 /* Resources */,
				F67B83C8219345180004D4A1 /* Embed App Extensions */,
				6813828878130C5CDDE20AA9 /* [CP] Embed Pods Frameworks */,
				F6F4CE832555959C00953576 /* Carthage */,
			);
			buildRules = (
			);
			dependencies = (
			);
			name = Ironbelly;
			productName = Grin;
			productReference = F64186D9218895DC00A99CA0 /* Ironbelly.app */;
			productType = "com.apple.product-type.application";
		};
/* End PBXNativeTarget section */

/* Begin PBXProject section */
		F64186D1218895DC00A99CA0 /* Project object */ = {
			isa = PBXProject;
			attributes = {
				LastSwiftUpdateCheck = 1010;
				LastUpgradeCheck = 1000;
				ORGANIZATIONNAME = "Ivan Sorokin";
				TargetAttributes = {
					F64186D8218895DC00A99CA0 = {
						CreatedOnToolsVersion = 10.0;
					};
				};
			};
			buildConfigurationList = F64186D4218895DC00A99CA0 /* Build configuration list for PBXProject "Ironbelly" */;
			compatibilityVersion = "Xcode 9.3";
			developmentRegion = en;
			hasScannedForEncodings = 0;
			knownRegions = (
				en,
				Base,
			);
			mainGroup = F64186D0218895DC00A99CA0;
			productRefGroup = F64186DA218895DC00A99CA0 /* Products */;
			projectDirPath = "";
			projectRoot = "";
			targets = (
				F64186D8218895DC00A99CA0 /* Ironbelly */,
			);
		};
/* End PBXProject section */

/* Begin PBXResourcesBuildPhase section */
		F64186D7218895DC00A99CA0 /* Resources */ = {
			isa = PBXResourcesBuildPhase;
			buildActionMask = 2147483647;
			files = (
				F64186E7218895DE00A99CA0 /* LaunchScreen.storyboard in Resources */,
				F64186E4218895DE00A99CA0 /* Assets.xcassets in Resources */,
				6EB4D33273124215B9435D56 /* Poppins-ExtraBold.ttf in Resources */,
				6B39A1EE702541C792AABFCD /* Poppins-ExtraBoldItalic.ttf in Resources */,
				B7AAF7350C2F4DC4A7A7C6D8 /* Poppins-ExtraLight.ttf in Resources */,
				AE9C71C754744856A2C998BE /* Poppins-ExtraLightItalic.ttf in Resources */,
				A01CD803F51F4CE0BFE222D4 /* Poppins-Italic.ttf in Resources */,
				2EE92245D405410BB107EF0F /* Poppins-Light.ttf in Resources */,
				3B65D265646D439BA0B3629C /* Poppins-LightItalic.ttf in Resources */,
				3F2CC385CA6947C5A00E8EAC /* Poppins-Medium.ttf in Resources */,
				F65FE3612410B98400E3C118 /* Ionicons.ttf in Resources */,
				DCADF58ADB344767BB4E3D41 /* Poppins-MediumItalic.ttf in Resources */,
				3D9CC4A9E3F345AE8452DBBE /* Poppins-Regular.ttf in Resources */,
				BB78D5D4CE1F4D8891578D1A /* Poppins-SemiBold.ttf in Resources */,
				4683EBA23F9546F8A6088B91 /* Poppins-SemiBoldItalic.ttf in Resources */,
				629491642B564C9E864EAF40 /* Poppins-Thin.ttf in Resources */,
				59A89B02B2304A12B9FF74A0 /* Poppins-ThinItalic.ttf in Resources */,
				711C1EA9968047B287305679 /* ChevronLeft.png in Resources */,
				2B04C70620FB46FC851D4289 /* ChevronLeft@2x.png in Resources */,
				6E4A767318F143E4A1B520A8 /* ChevronLeft@3x.png in Resources */,
				1F81488E3DED4690B5AF60A5 /* Share.png in Resources */,
				C41C0D8B147746A6BA0AA3D3 /* Share@2x.png in Resources */,
				F65FE3642410B98400E3C118 /* Feather.ttf in Resources */,
				C6DC0496AC154B7CB9441330 /* Share@3x.png in Resources */,
				F65FE3622410B98400E3C118 /* FontAwesome.ttf in Resources */,
				8A05B33A622348C1A7EBBBED /* x.png in Resources */,
				F6B88C50252A4CFA007FF36C /* FontAwesome5_Solid.ttf in Resources */,
				7CE949452A7644308ACF5C89 /* x@2x.png in Resources */,
				EF5651BE92804582A8BA3D00 /* x@3x.png in Resources */,
				7ED43DD375854138B2208C5C /* ChevronRight.png in Resources */,
				FA515AC6575446A3BBC440B4 /* ChevronRight@2x.png in Resources */,
				67FBEC75BB54482CA15B1D32 /* ChevronRight@3x.png in Resources */,
				F65FE3632410B98400E3C118 /* MaterialCommunityIcons.ttf in Resources */,
				53EE4A959E2F42678CF8078E /* Close.png in Resources */,
				CE5F56BE44E94BA78933ADA8 /* Close@2x.png in Resources */,
				B061F339986847BE91EFD112 /* Close@3x.png in Resources */,
				F6B88C4D252A4C92007FF36C /* FontAwesome5_Regular.ttf in Resources */,
			);
			runOnlyForDeploymentPostprocessing = 0;
		};
/* End PBXResourcesBuildPhase section */

/* Begin PBXShellScriptBuildPhase section */
		3BD691FCC00C182A52C63132 /* [CP] Check Pods Manifest.lock */ = {
			isa = PBXShellScriptBuildPhase;
			buildActionMask = 2147483647;
			files = (
			);
			inputFileListPaths = (
			);
			inputPaths = (
				"${PODS_PODFILE_DIR_PATH}/Podfile.lock",
				"${PODS_ROOT}/Manifest.lock",
			);
			name = "[CP] Check Pods Manifest.lock";
			outputFileListPaths = (
			);
			outputPaths = (
				"$(DERIVED_FILE_DIR)/Pods-Ironbelly-checkManifestLockResult.txt",
			);
			runOnlyForDeploymentPostprocessing = 0;
			shellPath = /bin/sh;
			shellScript = "diff \"${PODS_PODFILE_DIR_PATH}/Podfile.lock\" \"${PODS_ROOT}/Manifest.lock\" > /dev/null\nif [ $? != 0 ] ; then\n    # print error to STDERR\n    echo \"error: The sandbox is not in sync with the Podfile.lock. Run 'pod install' or update your CocoaPods installation.\" >&2\n    exit 1\nfi\n# This output is used by Xcode 'outputs' to avoid re-running this script phase.\necho \"SUCCESS\" > \"${SCRIPT_OUTPUT_FILE_0}\"\n";
			showEnvVarsInLog = 0;
		};
		6813828878130C5CDDE20AA9 /* [CP] Embed Pods Frameworks */ = {
			isa = PBXShellScriptBuildPhase;
			buildActionMask = 2147483647;
			files = (
			);
			inputFileListPaths = (
				"${PODS_ROOT}/Target Support Files/Pods-Ironbelly/Pods-Ironbelly-frameworks-${CONFIGURATION}-input-files.xcfilelist",
			);
			name = "[CP] Embed Pods Frameworks";
			outputFileListPaths = (
				"${PODS_ROOT}/Target Support Files/Pods-Ironbelly/Pods-Ironbelly-frameworks-${CONFIGURATION}-output-files.xcfilelist",
			);
			runOnlyForDeploymentPostprocessing = 0;
			shellPath = /bin/sh;
			shellScript = "\"${PODS_ROOT}/Target Support Files/Pods-Ironbelly/Pods-Ironbelly-frameworks.sh\"\n";
			showEnvVarsInLog = 0;
		};
		F6B6B11F21E3D59A00B6AC5B /* Bundle React Native */ = {
			isa = PBXShellScriptBuildPhase;
			buildActionMask = 2147483647;
			files = (
			);
			inputFileListPaths = (
			);
			inputPaths = (
			);
			name = "Bundle React Native";
			outputFileListPaths = (
			);
			outputPaths = (
			);
			runOnlyForDeploymentPostprocessing = 0;
			shellPath = /bin/sh;
			shellScript = "if [ \"${CONFIGURATION}\" == \"Debug\" ]; then\nexport SKIP_BUNDLING=true\nfi\nDEST=$CONFIGURATION_BUILD_DIR/$UNLOCALIZED_RESOURCES_FOLDER_PATH\n\n[ -s \"$HOME/.n/bin/node\" ] && export NODE_BINARY=\"$HOME/.n/bin/node\"\n\nexport EXTRA_PACKAGER_ARGS=\"--sourcemap-output ${DEST}/main.jsbundle.map\"\n../node_modules/react-native/scripts/react-native-xcode.sh\n";
		};
		F6F4CE832555959C00953576 /* Carthage */ = {
			isa = PBXShellScriptBuildPhase;
			buildActionMask = 2147483647;
			files = (
			);
			inputFileListPaths = (
			);
			inputPaths = (
				"$(SRCROOT)/Carthage/Build/iOS/Tor.framework",
			);
			name = Carthage;
			outputFileListPaths = (
			);
			outputPaths = (
				"",
			);
			runOnlyForDeploymentPostprocessing = 0;
			shellPath = /bin/sh;
			shellScript = "/usr/local/bin/carthage.sh copy-frameworks\n";
		};
/* End PBXShellScriptBuildPhase section */

/* Begin PBXSourcesBuildPhase section */
		F64186D5218895DC00A99CA0 /* Sources */ = {
			isa = PBXSourcesBuildPhase;
			buildActionMask = 2147483647;
			files = (
				F601C39D2555BA76003866E2 /* TorBridge.m in Sources */,
				F6E9509221C50DE90066C203 /* GrinBridge.m in Sources */,
				F601C28B25559D99003866E2 /* OnionSettings.swift in Sources */,
				F6E9509421C50E560066C203 /* GrinBridge.swift in Sources */,
				F64186DD218895DC00A99CA0 /* AppDelegate.swift in Sources */,
				F601C2D72555B159003866E2 /* OnionConnector.swift in Sources */,
				F601C39A2555BA31003866E2 /* Utils.swift in Sources */,
				F601C3972555B9FB003866E2 /* TorBridge.swift in Sources */,
				F601C28F25559F58003866E2 /* NetworkTools.m in Sources */,
				F6F4CE7F2555946B00953576 /* OnionManager.swift in Sources */,
				F601C2DB2555B253003866E2 /* Ipv6Tester.swift in Sources */,
			);
			runOnlyForDeploymentPostprocessing = 0;
		};
/* End PBXSourcesBuildPhase section */

/* Begin PBXVariantGroup section */
		F64186E5218895DE00A99CA0 /* LaunchScreen.storyboard */ = {
			isa = PBXVariantGroup;
			children = (
				F64186E6218895DE00A99CA0 /* Base */,
			);
			name = LaunchScreen.storyboard;
			sourceTree = "<group>";
		};
/* End PBXVariantGroup section */

/* Begin XCBuildConfiguration section */
		F64186F4218895DE00A99CA0 /* Debug */ = {
			isa = XCBuildConfiguration;
			buildSettings = {
				ALWAYS_SEARCH_USER_PATHS = NO;
				CLANG_ANALYZER_NONNULL = YES;
				CLANG_ANALYZER_NUMBER_OBJECT_CONVERSION = YES_AGGRESSIVE;
				CLANG_CXX_LANGUAGE_STANDARD = "gnu++14";
				CLANG_CXX_LIBRARY = "libc++";
				CLANG_ENABLE_MODULES = YES;
				CLANG_ENABLE_OBJC_ARC = YES;
				CLANG_ENABLE_OBJC_WEAK = YES;
				CLANG_WARN_BLOCK_CAPTURE_AUTORELEASING = YES;
				CLANG_WARN_BOOL_CONVERSION = YES;
				CLANG_WARN_COMMA = YES;
				CLANG_WARN_CONSTANT_CONVERSION = YES;
				CLANG_WARN_DEPRECATED_OBJC_IMPLEMENTATIONS = YES;
				CLANG_WARN_DIRECT_OBJC_ISA_USAGE = YES_ERROR;
				CLANG_WARN_DOCUMENTATION_COMMENTS = YES;
				CLANG_WARN_EMPTY_BODY = YES;
				CLANG_WARN_ENUM_CONVERSION = YES;
				CLANG_WARN_INFINITE_RECURSION = YES;
				CLANG_WARN_INT_CONVERSION = YES;
				CLANG_WARN_NON_LITERAL_NULL_CONVERSION = YES;
				CLANG_WARN_OBJC_IMPLICIT_RETAIN_SELF = YES;
				CLANG_WARN_OBJC_LITERAL_CONVERSION = YES;
				CLANG_WARN_OBJC_ROOT_CLASS = YES_ERROR;
				CLANG_WARN_RANGE_LOOP_ANALYSIS = YES;
				CLANG_WARN_STRICT_PROTOTYPES = YES;
				CLANG_WARN_SUSPICIOUS_MOVE = YES;
				CLANG_WARN_UNGUARDED_AVAILABILITY = YES_AGGRESSIVE;
				CLANG_WARN_UNREACHABLE_CODE = YES;
				CLANG_WARN__DUPLICATE_METHOD_MATCH = YES;
				CODE_SIGN_IDENTITY = "iPhone Developer";
				COPY_PHASE_STRIP = NO;
				DEBUG_INFORMATION_FORMAT = dwarf;
				ENABLE_STRICT_OBJC_MSGSEND = YES;
				ENABLE_TESTABILITY = YES;
				GCC_C_LANGUAGE_STANDARD = gnu11;
				GCC_DYNAMIC_NO_PIC = NO;
				GCC_NO_COMMON_BLOCKS = YES;
				GCC_OPTIMIZATION_LEVEL = 0;
				GCC_PREPROCESSOR_DEFINITIONS = (
					"DEBUG=1",
					"$(inherited)",
				);
				GCC_WARN_64_TO_32_BIT_CONVERSION = YES;
				GCC_WARN_ABOUT_RETURN_TYPE = YES_ERROR;
				GCC_WARN_UNDECLARED_SELECTOR = YES;
				GCC_WARN_UNINITIALIZED_AUTOS = YES_AGGRESSIVE;
				GCC_WARN_UNUSED_FUNCTION = YES;
				GCC_WARN_UNUSED_VARIABLE = YES;
				IPHONEOS_DEPLOYMENT_TARGET = 12.0;
				MTL_ENABLE_DEBUG_INFO = INCLUDE_SOURCE;
				MTL_FAST_MATH = YES;
				ONLY_ACTIVE_ARCH = YES;
				OTHER_LDFLAGS = "";
				SDKROOT = iphoneos;
				SWIFT_ACTIVE_COMPILATION_CONDITIONS = DEBUG;
				SWIFT_OPTIMIZATION_LEVEL = "-Onone";
			};
			name = Debug;
		};
		F64186F5218895DE00A99CA0 /* Release */ = {
			isa = XCBuildConfiguration;
			buildSettings = {
				ALWAYS_SEARCH_USER_PATHS = NO;
				CLANG_ANALYZER_NONNULL = YES;
				CLANG_ANALYZER_NUMBER_OBJECT_CONVERSION = YES_AGGRESSIVE;
				CLANG_CXX_LANGUAGE_STANDARD = "gnu++14";
				CLANG_CXX_LIBRARY = "libc++";
				CLANG_ENABLE_MODULES = YES;
				CLANG_ENABLE_OBJC_ARC = YES;
				CLANG_ENABLE_OBJC_WEAK = YES;
				CLANG_WARN_BLOCK_CAPTURE_AUTORELEASING = YES;
				CLANG_WARN_BOOL_CONVERSION = YES;
				CLANG_WARN_COMMA = YES;
				CLANG_WARN_CONSTANT_CONVERSION = YES;
				CLANG_WARN_DEPRECATED_OBJC_IMPLEMENTATIONS = YES;
				CLANG_WARN_DIRECT_OBJC_ISA_USAGE = YES_ERROR;
				CLANG_WARN_DOCUMENTATION_COMMENTS = YES;
				CLANG_WARN_EMPTY_BODY = YES;
				CLANG_WARN_ENUM_CONVERSION = YES;
				CLANG_WARN_INFINITE_RECURSION = YES;
				CLANG_WARN_INT_CONVERSION = YES;
				CLANG_WARN_NON_LITERAL_NULL_CONVERSION = YES;
				CLANG_WARN_OBJC_IMPLICIT_RETAIN_SELF = YES;
				CLANG_WARN_OBJC_LITERAL_CONVERSION = YES;
				CLANG_WARN_OBJC_ROOT_CLASS = YES_ERROR;
				CLANG_WARN_RANGE_LOOP_ANALYSIS = YES;
				CLANG_WARN_STRICT_PROTOTYPES = YES;
				CLANG_WARN_SUSPICIOUS_MOVE = YES;
				CLANG_WARN_UNGUARDED_AVAILABILITY = YES_AGGRESSIVE;
				CLANG_WARN_UNREACHABLE_CODE = YES;
				CLANG_WARN__DUPLICATE_METHOD_MATCH = YES;
				CODE_SIGN_IDENTITY = "iPhone Developer";
				COPY_PHASE_STRIP = NO;
				DEBUG_INFORMATION_FORMAT = "dwarf-with-dsym";
				ENABLE_NS_ASSERTIONS = NO;
				ENABLE_STRICT_OBJC_MSGSEND = YES;
				GCC_C_LANGUAGE_STANDARD = gnu11;
				GCC_NO_COMMON_BLOCKS = YES;
				GCC_WARN_64_TO_32_BIT_CONVERSION = YES;
				GCC_WARN_ABOUT_RETURN_TYPE = YES_ERROR;
				GCC_WARN_UNDECLARED_SELECTOR = YES;
				GCC_WARN_UNINITIALIZED_AUTOS = YES_AGGRESSIVE;
				GCC_WARN_UNUSED_FUNCTION = YES;
				GCC_WARN_UNUSED_VARIABLE = YES;
				IPHONEOS_DEPLOYMENT_TARGET = 12.0;
				MTL_ENABLE_DEBUG_INFO = NO;
				MTL_FAST_MATH = YES;
				OTHER_LDFLAGS = "";
				SDKROOT = iphoneos;
				SWIFT_COMPILATION_MODE = wholemodule;
				SWIFT_OPTIMIZATION_LEVEL = "-O";
				VALIDATE_PRODUCT = YES;
			};
			name = Release;
		};
		F64186F7218895DE00A99CA0 /* Debug */ = {
			isa = XCBuildConfiguration;
			baseConfigurationReference = 9BFD0890890CA8B9A5CA5455 /* Pods-Ironbelly.debug.xcconfig */;
			buildSettings = {
				ARCHS = "$(ARCHS_STANDARD)";
				ASSETCATALOG_COMPILER_APPICON_NAME = AppIcon;
				CODE_SIGN_STYLE = Automatic;
				CURRENT_PROJECT_VERSION = 33;
				DEVELOPMENT_TEAM = 4496JM56CN;
				ENABLE_BITCODE = NO;
				FRAMEWORK_SEARCH_PATHS = (
					"$(inherited)",
					"$(PROJECT_DIR)/Carthage/Build/iOS",
				);
				INFOPLIST_FILE = Ironbelly/Info.plist;
				IPHONEOS_DEPLOYMENT_TARGET = 11;
				LD_RUNPATH_SEARCH_PATHS = (
					"$(inherited)",
					"@executable_path/Frameworks",
				);
				LIBRARY_SEARCH_PATHS = (
					"$(PROJECT_DIR)/../ios",
					"$(inherited)",
				);
				OTHER_CFLAGS = (
					"$(inherited)",
					"-DFB_SONARKIT_ENABLED=1",
				);
				OTHER_LDFLAGS = (
					"$(inherited)",
					"-framework",
					IOKit,
				);
				PRODUCT_BUNDLE_IDENTIFIER = app.ironbelly;
				PRODUCT_NAME = "$(TARGET_NAME)";
				SWIFT_OBJC_BRIDGING_HEADER = "$(PROJECT_DIR)/Ironbelly/Wallet-Bridging-Header.h";
				SWIFT_VERSION = 4.2;
				TARGETED_DEVICE_FAMILY = 1;
				VERSIONING_SYSTEM = "apple-generic";
			};
			name = Debug;
		};
		F64186F8218895DE00A99CA0 /* Release */ = {
			isa = XCBuildConfiguration;
			baseConfigurationReference = CDE3813CDAEB5E1EE1B5DFE8 /* Pods-Ironbelly.release.xcconfig */;
			buildSettings = {
				ARCHS = "$(ARCHS_STANDARD)";
				ASSETCATALOG_COMPILER_APPICON_NAME = AppIcon;
				CODE_SIGN_STYLE = Automatic;
				CURRENT_PROJECT_VERSION = 33;
				DEVELOPMENT_TEAM = 4496JM56CN;
				ENABLE_BITCODE = NO;
				FRAMEWORK_SEARCH_PATHS = (
					"$(inherited)",
					"$(PROJECT_DIR)/Carthage/Build/iOS",
				);
				INFOPLIST_FILE = Ironbelly/Info.plist;
				IPHONEOS_DEPLOYMENT_TARGET = 11;
				LD_RUNPATH_SEARCH_PATHS = (
					"$(inherited)",
					"@executable_path/Frameworks",
				);
				LIBRARY_SEARCH_PATHS = (
					"$(PROJECT_DIR)/../ios",
					"$(inherited)",
				);
				OTHER_CFLAGS = (
					"$(inherited)",
					"-DFB_SONARKIT_ENABLED=1",
				);
				OTHER_LDFLAGS = (
					"$(inherited)",
					"-framework",
					IOKit,
				);
				PRODUCT_BUNDLE_IDENTIFIER = app.ironbelly;
				PRODUCT_NAME = "$(TARGET_NAME)";
				SWIFT_OBJC_BRIDGING_HEADER = "$(PROJECT_DIR)/Ironbelly/Wallet-Bridging-Header.h";
				SWIFT_VERSION = 4.2;
				TARGETED_DEVICE_FAMILY = 1;
				VERSIONING_SYSTEM = "apple-generic";
			};
			name = Release;
		};
/* End XCBuildConfiguration section */

/* Begin XCConfigurationList section */
		F64186D4218895DC00A99CA0 /* Build configuration list for PBXProject "Ironbelly" */ = {
			isa = XCConfigurationList;
			buildConfigurations = (
				F64186F4218895DE00A99CA0 /* Debug */,
				F64186F5218895DE00A99CA0 /* Release */,
			);
			defaultConfigurationIsVisible = 0;
			defaultConfigurationName = Release;
		};
		F64186F6218895DE00A99CA0 /* Build configuration list for PBXNativeTarget "Ironbelly" */ = {
			isa = XCConfigurationList;
			buildConfigurations = (
				F64186F7218895DE00A99CA0 /* Debug */,
				F64186F8218895DE00A99CA0 /* Release */,
			);
			defaultConfigurationIsVisible = 0;
			defaultConfigurationName = Release;
		};
/* End XCConfigurationList section */
	};
	rootObject = F64186D1218895DC00A99CA0 /* Project object */;
}
